
Microsoft Visual Studio Solution File, Format Version 12.00
# Visual Studio Version 17
VisualStudioVersion = 17.14.36930.0
MinimumVisualStudioVersion = 10.0.40219.1
Project("{FAE04EC0-301F-11D3-BF4B-00C04F79EFBC}") = "VoteCollector", "VoteCollector\VoteCollector.csproj", "{707B84A7-D44A-4BC5-AD11-A057A8AFBB24}"
EndProject
Project("{FAE04EC0-301F-11D3-BF4B-00C04F79EFBC}") = "VoteCheckGUI", "WPFGUI\VoteCheckGUI.csproj", "{C1D4E2F3-A5B6-4C7D-8E9F-0A1B2C3D4E5F}"
EndProject
Project("{FAE04EC0-301F-11D3-BF4B-00C04F79EFBC}") = "VoteCollectorTests", "VoteCollectorTests\VoteCollectorTests.csproj", "{A1B2C3D4-E5F6-7890-ABCD-EF1234567890}"
EndProject
Project("{FAE04EC0-301F-11D3-BF4B-00C04F79EFBC}") = "VoteCheckWeb", "VoteCheckWeb\VoteCheckWeb.csproj", "{A313B370-280C-4CC2-9F07-18ADB196ABAE}"
EndProject
Project("{FAE04EC0-301F-11D3-BF4B-00C04F79EFBC}") = "VoteCheck.Core", "VoteCheck.Core\VoteCheck.Core.csproj", "{AABFF944-AF29-49C6-8756-5BADCFB2C934}"
EndProject
Project("{FAE04EC0-301F-11D3-BF4B-00C04F79EFBC}") = "VoteCheck.Core.Tests", "VoteCheck.Core.Tests\VoteCheck.Core.Tests.csproj", "{CB52C875-516D-4BBD-BFC2-1035B6F51C7F}"
EndProject
Project("{FAE04EC0-301F-11D3-BF4B-00C04F79EFBC}") = "VoteCheck.Api", "VoteCheck.Api\VoteCheck.Api.csproj", "{18D056F1-5A27-4637-BE12-B6CBEA76F2B2}"
EndProject
Project("{FAE04EC0-301F-11D3-BF4B-00C04F79EFBC}") = "VoteCheck.Api.Tests", "VoteCheck.Api.Tests\VoteCheck.Api.Tests.csproj", "{9227C2AF-F8B3-4280-936C-A6D71B3D662A}"
EndProject
Project("{FAE04EC0-301F-11D3-BF4B-00C04F79EFBC}") = "VoteCheckWeb.Tests", "VoteCheckWeb.Tests\VoteCheckWeb.Tests.csproj", "{3E2700A5-1D1C-4761-A5E7-DBED8E49D492}"
EndProject
Global
	GlobalSection(SolutionConfigurationPlatforms) = preSolution
		Debug|Any CPU = Debug|Any CPU
		Debug|x64 = Debug|x64
		Debug|x86 = Debug|x86
		Release|Any CPU = Release|Any CPU
		Release|x64 = Release|x64
		Release|x86 = Release|x86
	EndGlobalSection
	GlobalSection(ProjectConfigurationPlatforms) = postSolution
		{707B84A7-D44A-4BC5-AD11-A057A8AFBB24}.Debug|Any CPU.ActiveCfg = Debug|Any CPU
		{707B84A7-D44A-4BC5-AD11-A057A8AFBB24}.Debug|Any CPU.Build.0 = Debug|Any CPU
		{707B84A7-D44A-4BC5-AD11-A057A8AFBB24}.Debug|x64.ActiveCfg = Debug|Any CPU
		{707B84A7-D44A-4BC5-AD11-A057A8AFBB24}.Debug|x64.Build.0 = Debug|Any CPU
		{707B84A7-D44A-4BC5-AD11-A057A8AFBB24}.Debug|x86.ActiveCfg = Debug|x86
		{707B84A7-D44A-4BC5-AD11-A057A8AFBB24}.Debug|x86.Build.0 = Debug|x86
		{707B84A7-D44A-4BC5-AD11-A057A8AFBB24}.Release|Any CPU.ActiveCfg = Release|Any CPU
		{707B84A7-D44A-4BC5-AD11-A057A8AFBB24}.Release|Any CPU.Build.0 = Release|Any CPU
		{707B84A7-D44A-4BC5-AD11-A057A8AFBB24}.Release|x64.ActiveCfg = Release|x64
		{707B84A7-D44A-4BC5-AD11-A057A8AFBB24}.Release|x64.Build.0 = Release|x64
		{707B84A7-D44A-4BC5-AD11-A057A8AFBB24}.Release|x86.ActiveCfg = Release|x86
		{707B84A7-D44A-4BC5-AD11-A057A8AFBB24}.Release|x86.Build.0 = Release|x86
		{C1D4E2F3-A5B6-4C7D-8E9F-0A1B2C3D4E5F}.Debug|Any CPU.ActiveCfg = Debug|Any CPU
		{C1D4E2F3-A5B6-4C7D-8E9F-0A1B2C3D4E5F}.Debug|Any CPU.Build.0 = Debug|Any CPU
		{C1D4E2F3-A5B6-4C7D-8E9F-0A1B2C3D4E5F}.Debug|x64.ActiveCfg = Debug|Any CPU
		{C1D4E2F3-A5B6-4C7D-8E9F-0A1B2C3D4E5F}.Debug|x64.Build.0 = Debug|Any CPU
		{C1D4E2F3-A5B6-4C7D-8E9F-0A1B2C3D4E5F}.Debug|x86.ActiveCfg = Debug|Any CPU
		{C1D4E2F3-A5B6-4C7D-8E9F-0A1B2C3D4E5F}.Debug|x86.Build.0 = Debug|Any CPU
		{C1D4E2F3-A5B6-4C7D-8E9F-0A1B2C3D4E5F}.Release|Any CPU.ActiveCfg = Release|Any CPU
		{C1D4E2F3-A5B6-4C7D-8E9F-0A1B2C3D4E5F}.Release|Any CPU.Build.0 = Release|Any CPU
		{C1D4E2F3-A5B6-4C7D-8E9F-0A1B2C3D4E5F}.Release|x64.ActiveCfg = Release|Any CPU
		{C1D4E2F3-A5B6-4C7D-8E9F-0A1B2C3D4E5F}.Release|x64.Build.0 = Release|Any CPU
		{C1D4E2F3-A5B6-4C7D-8E9F-0A1B2C3D4E5F}.Release|x86.ActiveCfg = Release|Any CPU
		{C1D4E2F3-A5B6-4C7D-8E9F-0A1B2C3D4E5F}.Release|x86.Build.0 = Release|Any CPU
		{A1B2C3D4-E5F6-7890-ABCD-EF1234567890}.Debug|Any CPU.ActiveCfg = Debug|Any CPU
		{A1B2C3D4-E5F6-7890-ABCD-EF1234567890}.Debug|Any CPU.Build.0 = Debug|Any CPU
		{A1B2C3D4-E5F6-7890-ABCD-EF1234567890}.Debug|x64.ActiveCfg = Debug|Any CPU
		{A1B2C3D4-E5F6-7890-ABCD-EF1234567890}.Debug|x64.Build.0 = Debug|Any CPU
		{A1B2C3D4-E5F6-7890-ABCD-EF1234567890}.Debug|x86.ActiveCfg = Debug|Any CPU
		{A1B2C3D4-E5F6-7890-ABCD-EF1234567890}.Debug|x86.Build.0 = Debug|Any CPU
		{A1B2C3D4-E5F6-7890-ABCD-EF1234567890}.Release|Any CPU.ActiveCfg = Release|Any CPU
		{A1B2C3D4-E5F6-7890-ABCD-EF1234567890}.Release|Any CPU.Build.0 = Release|Any CPU
		{A1B2C3D4-E5F6-7890-ABCD-EF1234567890}.Release|x64.ActiveCfg = Release|Any CPU
		{A1B2C3D4-E5F6-7890-ABCD-EF1234567890}.Release|x64.Build.0 = Release|Any CPU
		{A1B2C3D4-E5F6-7890-ABCD-EF1234567890}.Release|x86.ActiveCfg = Release|Any CPU
		{A1B2C3D4-E5F6-7890-ABCD-EF1234567890}.Release|x86.Build.0 = Release|Any CPU
		{A313B370-280C-4CC2-9F07-18ADB196ABAE}.Debug|Any CPU.ActiveCfg = Debug|Any CPU
		{A313B370-280C-4CC2-9F07-18ADB196ABAE}.Debug|Any CPU.Build.0 = Debug|Any CPU
		{A313B370-280C-4CC2-9F07-18ADB196ABAE}.Debug|x64.ActiveCfg = Debug|Any CPU
		{A313B370-280C-4CC2-9F07-18ADB196ABAE}.Debug|x64.Build.0 = Debug|Any CPU
		{A313B370-280C-4CC2-9F07-18ADB196ABAE}.Debug|x86.ActiveCfg = Debug|Any CPU
		{A313B370-280C-4CC2-9F07-18ADB196ABAE}.Debug|x86.Build.0 = Debug|Any CPU
		{A313B370-280C-4CC2-9F07-18ADB196ABAE}.Release|Any CPU.ActiveCfg = Release|Any CPU
		{A313B370-280C-4CC2-9F07-18ADB196ABAE}.Release|Any CPU.Build.0 = Release|Any CPU
		{A313B370-280C-4CC2-9F07-18ADB196ABAE}.Release|x64.ActiveCfg = Release|Any CPU
		{A313B370-280C-4CC2-9F07-18ADB196ABAE}.Release|x64.Build.0 = Release|Any CPU
		{A313B370-280C-4CC2-9F07-18ADB196ABAE}.Release|x86.ActiveCfg = Release|Any CPU
		{A313B370-280C-4CC2-9F07-18ADB196ABAE}.Release|x86.Build.0 = Release|Any CPU
		{AABFF944-AF29-49C6-8756-5BADCFB2C934}.Debug|Any CPU.ActiveCfg = Debug|Any CPU
		{AABFF944-AF29-49C6-8756-5BADCFB2C934}.Debug|Any CPU.Build.0 = Debug|Any CPU
		{AABFF944-AF29-49C6-8756-5BADCFB2C934}.Debug|x64.ActiveCfg = Debug|Any CPU
		{AABFF944-AF29-49C6-8756-5BADCFB2C934}.Debug|x64.Build.0 = Debug|Any CPU
		{AABFF944-AF29-49C6-8756-5BADCFB2C934}.Debug|x86.ActiveCfg = Debug|Any CPU
		{AABFF944-AF29-49C6-8756-5BADCFB2C934}.Debug|x86.Build.0 = Debug|Any CPU
		{AABFF944-AF29-49C6-8756-5BADCFB2C934}.Release|Any CPU.ActiveCfg = Release|Any CPU
		{AABFF944-AF29-49C6-8756-5BADCFB2C934}.Release|Any CPU.Build.0 = Release|Any CPU
		{AABFF944-AF29-49C6-8756-5BADCFB2C934}.Release|x64.ActiveCfg = Release|Any CPU
		{AABFF944-AF29-49C6-8756-5BADCFB2C934}.Release|x64.Build.0 = Release|Any CPU
		{AABFF944-AF29-49C6-8756-5BADCFB2C934}.Release|x86.ActiveCfg = Release|Any CPU
		{AABFF944-AF29-49C6-8756-5BADCFB2C934}.Release|x86.Build.0 = Release|Any CPU
		{CB52C875-516D-4BBD-BFC2-1035B6F51C7F}.Debug|Any CPU.ActiveCfg = Debug|Any CPU
		{CB52C875-516D-4BBD-BFC2-1035B6F51C7F}.Debug|Any CPU.Build.0 = Debug|Any CPU
		{CB52C875-516D-4BBD-BFC2-1035B6F51C7F}.Debug|x64.ActiveCfg = Debug|Any CPU
		{CB52C875-516D-4BBD-BFC2-1035B6F51C7F}.Debug|x64.Build.0 = Debug|Any CPU
		{CB52C875-516D-4BBD-BFC2-1035B6F51C7F}.Debug|x86.ActiveCfg = Debug|Any CPU
		{CB52C875-516D-4BBD-BFC2-1035B6F51C7F}.Debug|x86.Build.0 = Debug|Any CPU
		{CB52C875-516D-4BBD-BFC2-1035B6F51C7F}.Release|Any CPU.ActiveCfg = Release|Any CPU
		{CB52C875-516D-4BBD-BFC2-1035B6F51C7F}.Release|Any CPU.Build.0 = Release|Any CPU
		{CB52C875-516D-4BBD-BFC2-1035B6F51C7F}.Release|x64.ActiveCfg = Release|Any CPU
		{CB52C875-516D-4BBD-BFC2-1035B6F51C7F}.Release|x64.Build.0 = Release|Any CPU
		{CB52C875-516D-4BBD-BFC2-1035B6F51C7F}.Release|x86.ActiveCfg = Release|Any CPU
		{CB52C875-516D-4BBD-BFC2-1035B6F51C7F}.Release|x86.Build.0 = Release|Any CPU
		{18D056F1-5A27-4637-BE12-B6CBEA76F2B2}.Debug|Any CPU.ActiveCfg = Debug|Any CPU
		{18D056F1-5A27-4637-BE12-B6CBEA76F2B2}.Debug|Any CPU.Build.0 = Debug|Any CPU
		{18D056F1-5A27-4637-BE12-B6CBEA76F2B2}.Debug|x64.ActiveCfg = Debug|Any CPU
		{18D056F1-5A27-4637-BE12-B6CBEA76F2B2}.Debug|x64.Build.0 = Debug|Any CPU
		{18D056F1-5A27-4637-BE12-B6CBEA76F2B2}.Debug|x86.ActiveCfg = Debug|Any CPU
		{18D056F1-5A27-4637-BE12-B6CBEA76F2B2}.Debug|x86.Build.0 = Debug|Any CPU
		{18D056F1-5A27-4637-BE12-B6CBEA76F2B2}.Release|Any CPU.ActiveCfg = Release|Any CPU
		{18D056F1-5A27-4637-BE12-B6CBEA76F2B2}.Release|Any CPU.Build.0 = Release|Any CPU
		{18D056F1-5A27-4637-BE12-B6CBEA76F2B2}.Release|x64.ActiveCfg = Release|Any CPU
		{18D056F1-5A27-4637-BE12-B6CBEA76F2B2}.Release|x64.Build.0 = Release|Any CPU
		{18D056F1-5A27-4637-BE12-B6CBEA76F2B2}.Release|x86.ActiveCfg = Release|Any CPU
		{18D056F1-5A27-4637-BE12-B6CBEA76F2B2}.Release|x86.Build.0 = Release|Any CPU
		{9227C2AF-F8B3-4280-936C-A6D71B3D662A}.Debug|Any CPU.ActiveCfg = Debug|Any CPU
		{9227C2AF-F8B3-4280-936C-A6D71B3D662A}.Debug|Any CPU.Build.0 = Debug|Any CPU
		{9227C2AF-F8B3-4280-936C-A6D71B3D662A}.Debug|x64.ActiveCfg = Debug|Any CPU
		{9227C2AF-F8B3-4280-936C-A6D71B3D662A}.Debug|x64.Build.0 = Debug|Any CPU
		{9227C2AF-F8B3-4280-936C-A6D71B3D662A}.Debug|x86.ActiveCfg = Debug|Any CPU
		{9227C2AF-F8B3-4280-936C-A6D71B3D662A}.Debug|x86.Build.0 = Debug|Any CPU
		{9227C2AF-F8B3-4280-936C-A6D71B3D662A}.Release|Any CPU.ActiveCfg = Release|Any CPU
		{9227C2AF-F8B3-4280-936C-A6D71B3D662A}.Release|Any CPU.Build.0 = Release|Any CPU
		{9227C2AF-F8B3-4280-936C-A6D71B3D662A}.Release|x64.ActiveCfg = Release|Any CPU
		{9227C2AF-F8B3-4280-936C-A6D71B3D662A}.Release|x64.Build.0 = Release|Any CPU
		{9227C2AF-F8B3-4280-936C-A6D71B3D662A}.Release|x86.ActiveCfg = Release|Any CPU
		{9227C2AF-F8B3-4280-936C-A6D71B3D662A}.Release|x86.Build.0 = Release|Any CPU
		{3E2700A5-1D1C-4761-A5E7-DBED8E49D492}.Debug|Any CPU.ActiveCfg = Debug|Any CPU
		{3E2700A5-1D1C-4761-A5E7-DBED8E49D492}.Debug|Any CPU.Build.0 = Debug|Any CPU
		{3E2700A5-1D1C-4761-A5E7-DBED8E49D492}.Debug|x64.ActiveCfg = Debug|Any CPU
		{3E2700A5-1D1C-4761-A5E7-DBED8E49D492}.Debug|x64.Build.0 = Debug|Any CPU
		{3E2700A5-1D1C-4761-A5E7-DBED8E49D492}.Debug|x86.ActiveCfg = Debug|Any CPU
		{3E2700A5-1D1C-4761-A5E7-DBED8E49D492}.Debug|x86.Build.0 = Debug|Any CPU
		{3E2700A5-1D1C-4761-A5E7-DBED8E49D492}.Release|Any CPU.ActiveCfg = Release|Any CPU
		{3E2700A5-1D1C-4761-A5E7-DBED8E49D492}.Release|Any CPU.Build.0 = Release|Any CPU
		{3E2700A5-1D1C-4761-A5E7-DBED8E49D492}.Release|x64.ActiveCfg = Release|Any CPU
		{3E2700A5-1D1C-4761-A5E7-DBED8E49D492}.Release|x64.Build.0 = Release|Any CPU
		{3E2700A5-1D1C-4761-A5E7-DBED8E49D492}.Release|x86.ActiveCfg = Release|Any CPU
		{3E2700A5-1D1C-4761-A5E7-DBED8E49D492}.Release|x86.Build.0 = Release|Any CPU
	EndGlobalSection
	GlobalSection(SolutionProperties) = preSolution
		HideSolutionNode = FALSE
	EndGlobalSection
	GlobalSection(ExtensibilityGlobals) = postSolution
		SolutionGuid = {FFA89DEF-F716-4F43-B725-079312C8AF33}
	EndGlobalSection
EndGlobal
